
Microsoft Visual Studio Solution File, Format Version 12.00
# Visual Studio Version 17
VisualStudioVersion = 17.14.36408.4 d17.14
MinimumVisualStudioVersion = 10.0.40219.1
Project("{FAE04EC0-301F-11D3-BF4B-00C04F79EFBC}") = "PingWS", "PingWS\PingWS.csproj", "{701291AE-CECD-4024-8CDC-32360A32D925}"
EndProject
Global
	GlobalSection(SolutionConfigurationPlatforms) = preSolution
		Debug|Any CPU = Debug|Any CPU
		Release|Any CPU = Release|Any CPU
	EndGlobalSection
	GlobalSection(ProjectConfigurationPlatforms) = postSolution
		{701291AE-CECD-4024-8CDC-32360A32D925}.Debug|Any CPU.ActiveCfg = Debug|Any CPU
		{701291AE-CECD-4024-8CDC-32360A32D925}.Debug|Any CPU.Build.0 = Debug|Any CPU
		{701291AE-CECD-4024-8CDC-32360A32D925}.Release|Any CPU.ActiveCfg = Release|Any CPU
		{701291AE-CECD-4024-8CDC-32360A32D925}.Release|Any CPU.Build.0 = Release|Any CPU
	EndGlobalSection
	GlobalSection(SolutionProperties) = preSolution
		HideSolutionNode = FALSE
	EndGlobalSection
	GlobalSection(ExtensibilityGlobals) = postSolution
		SolutionGuid = {454EAF31-047C-49EF-A87A-83A293D11BD8}
	EndGlobalSection
EndGlobal
